
Microsoft Visual Studio Solution File, Format Version 12.00
# Visual Studio Version 17
VisualStudioVersion = 17.10.34928.147
MinimumVisualStudioVersion = 10.0.40219.1
Project("{FAE04EC0-301F-11D3-BF4B-00C04F79EFBC}") = "Basic_Entry", "Basic_Entry.csproj", "{035116E7-6807-4047-BAA8-2BCD656A2AC0}"
EndProject
Global
	GlobalSection(SolutionConfigurationPlatforms) = preSolution
		Debug|Any CPU = Debug|Any CPU
		Release|Any CPU = Release|Any CPU
	EndGlobalSection
	GlobalSection(ProjectConfigurationPlatforms) = postSolution
		{035116E7-6807-4047-BAA8-2BCD656A2AC0}.Debug|Any CPU.ActiveCfg = Debug|Any CPU
		{035116E7-6807-4047-BAA8-2BCD656A2AC0}.Debug|Any CPU.Build.0 = Debug|Any CPU
		{035116E7-6807-4047-BAA8-2BCD656A2AC0}.Release|Any CPU.ActiveCfg = Release|Any CPU
		{035116E7-6807-4047-BAA8-2BCD656A2AC0}.Release|Any CPU.Build.0 = Release|Any CPU
	EndGlobalSection
	GlobalSection(SolutionProperties) = preSolution
		HideSolutionNode = FALSE
	EndGlobalSection
	GlobalSection(ExtensibilityGlobals) = postSolution
		SolutionGuid = {5296AD41-008A-4CD7-9FC3-FEA7701AAD8A}
	EndGlobalSection
EndGlobal
